
Microsoft Visual Studio Solution File, Format Version 12.00
# Visual Studio 15
Project("{FAE04EC0-301F-11D3-BF4B-00C04F79EFBC}") = "UnityEngine.TestRunner", "UnityEngine.TestRunner.csproj", "{69AD504D-B1DC-5038-CA5D-AB0BD6A36A8C}"
EndProject
Project("{FAE04EC0-301F-11D3-BF4B-00C04F79EFBC}") = "Unity.Mathematics", "Unity.Mathematics.csproj", "{F0160B79-D8A1-AD3A-4822-609D64313AF8}"
EndProject
Project("{FAE04EC0-301F-11D3-BF4B-00C04F79EFBC}") = "Unity.Timeline", "Unity.Timeline.csproj", "{E4ECE91F-12C1-6757-CF6C-D98FAE22C962}"
EndProject
Project("{FAE04EC0-301F-11D3-BF4B-00C04F79EFBC}") = "UnityEngine.UI", "UnityEngine.UI.csproj", "{B64E076A-C7D4-0E85-95FD-D650049BCD44}"
EndProject
Project("{FAE04EC0-301F-11D3-BF4B-00C04F79EFBC}") = "Unity.TextMeshPro", "Unity.TextMeshPro.csproj", "{58576566-E42B-D172-D645-840E5205C66A}"
EndProject
Project("{FAE04EC0-301F-11D3-BF4B-00C04F79EFBC}") = "Unity.2D.Animation.Runtime", "Unity.2D.Animation.Runtime.csproj", "{DC95193D-51C8-5888-2855-88C329DC4D17}"
EndProject
Project("{FAE04EC0-301F-11D3-BF4B-00C04F79EFBC}") = "Unity.2D.IK.Runtime", "Unity.2D.IK.Runtime.csproj", "{BEF1514F-B417-0950-F721-06E02EC29C5E}"
EndProject
Project("{FAE04EC0-301F-11D3-BF4B-00C04F79EFBC}") = "Unity.2D.SpriteShape.Runtime", "Unity.2D.SpriteShape.Runtime.csproj", "{F1A61257-4036-900B-2E61-747B25D33691}"
EndProject
Project("{FAE04EC0-301F-11D3-BF4B-00C04F79EFBC}") = "Unity.2D.PixelPerfect", "Unity.2D.PixelPerfect.csproj", "{BA5D2E3A-57ED-756C-6359-46211064285E}"
EndProject
Project("{FAE04EC0-301F-11D3-BF4B-00C04F79EFBC}") = "Unity.2D.Common.Runtime", "Unity.2D.Common.Runtime.csproj", "{797C237A-158D-F747-0DD1-FC05F37D9615}"
EndProject
Project("{FAE04EC0-301F-11D3-BF4B-00C04F79EFBC}") = "Assembly-CSharp", "Assembly-CSharp.csproj", "{E744C1E9-A618-B8AF-2C4A-55191E3AB561}"
EndProject
Project("{FAE04EC0-301F-11D3-BF4B-00C04F79EFBC}") = "Unity.InternalAPIEngineBridge.001", "Unity.InternalAPIEngineBridge.001.csproj", "{B361E18B-E1FA-25D1-9BD9-440FB4D3CF1B}"
EndProject
Project("{FAE04EC0-301F-11D3-BF4B-00C04F79EFBC}") = "UnityEditor.TestRunner", "UnityEditor.TestRunner.csproj", "{A0DD71C0-CFDA-DB55-1995-4BAD6FD2F86E}"
EndProject
Project("{FAE04EC0-301F-11D3-BF4B-00C04F79EFBC}") = "Unity.PlasticSCM.Editor", "Unity.PlasticSCM.Editor.csproj", "{5BD3B712-D113-2E99-9BC0-176EE5D7A49B}"
EndProject
Project("{FAE04EC0-301F-11D3-BF4B-00C04F79EFBC}") = "Unity.2D.Animation.Triangle.Editor", "Unity.2D.Animation.Triangle.Editor.csproj", "{58F86595-A688-7A8E-3F39-82F3065443AF}"
EndProject
Project("{FAE04EC0-301F-11D3-BF4B-00C04F79EFBC}") = "UnityEditor.UI", "UnityEditor.UI.csproj", "{127A67FC-CF6A-54C0-763E-B76DF218B02E}"
EndProject
Project("{FAE04EC0-301F-11D3-BF4B-00C04F79EFBC}") = "Unity.Services.Core.Editor", "Unity.Services.Core.Editor.csproj", "{B3503D6B-9756-0543-2800-E87F4778D65A}"
EndProject
Project("{FAE04EC0-301F-11D3-BF4B-00C04F79EFBC}") = "Unity.Timeline.Editor", "Unity.Timeline.Editor.csproj", "{E0D6A774-ECA3-892B-526A-018556035C0A}"
EndProject
Project("{FAE04EC0-301F-11D3-BF4B-00C04F79EFBC}") = "Unity.VisualStudio.Editor", "Unity.VisualStudio.Editor.csproj", "{5F671D25-2653-9E23-52BB-115671309C7B}"
EndProject
Project("{FAE04EC0-301F-11D3-BF4B-00C04F79EFBC}") = "Unity.2D.Psdimporter.Editor", "Unity.2D.Psdimporter.Editor.csproj", "{85A9C46E-3851-5927-ED6C-E3CE36CFB288}"
EndProject
Project("{FAE04EC0-301F-11D3-BF4B-00C04F79EFBC}") = "Unity.2D.Animation.Editor", "Unity.2D.Animation.Editor.csproj", "{62052685-C9B6-9275-3246-F582F0A7698A}"
EndProject
Project("{FAE04EC0-301F-11D3-BF4B-00C04F79EFBC}") = "Unity.TextMeshPro.Editor", "Unity.TextMeshPro.Editor.csproj", "{3A9F6F94-499F-2A6F-03B2-1ED20EDD0C56}"
EndProject
Project("{FAE04EC0-301F-11D3-BF4B-00C04F79EFBC}") = "Unity.2D.SpriteShape.Editor", "Unity.2D.SpriteShape.Editor.csproj", "{2C2D3735-7786-5C8F-4644-AE08BDA69D81}"
EndProject
Project("{FAE04EC0-301F-11D3-BF4B-00C04F79EFBC}") = "Unity.CollabProxy.Editor", "Unity.CollabProxy.Editor.csproj", "{9E9AF7C3-527B-5136-3189-4BDB787741D7}"
EndProject
Project("{FAE04EC0-301F-11D3-BF4B-00C04F79EFBC}") = "PsdPlugin", "PsdPlugin.csproj", "{F6D6B656-2A4A-C401-7A2B-A2AB6036C0BE}"
EndProject
Project("{FAE04EC0-301F-11D3-BF4B-00C04F79EFBC}") = "Unity.2D.Path.Editor", "Unity.2D.Path.Editor.csproj", "{CB6F2280-A425-4FE7-8FD9-D7ECA87940EA}"
EndProject
Project("{FAE04EC0-301F-11D3-BF4B-00C04F79EFBC}") = "Unity.Rider.Editor", "Unity.Rider.Editor.csproj", "{680427AC-7796-73CE-E7B3-93C8FED2863A}"
EndProject
Project("{FAE04EC0-301F-11D3-BF4B-00C04F79EFBC}") = "Unity.2D.IK.Editor", "Unity.2D.IK.Editor.csproj", "{A5DEE720-9297-168B-C1E1-C55A88A700FC}"
EndProject
Project("{FAE04EC0-301F-11D3-BF4B-00C04F79EFBC}") = "Unity.2D.Sprite.Editor", "Unity.2D.Sprite.Editor.csproj", "{4AD8BCFF-ADC7-05D3-5DAF-5AC97D111976}"
EndProject
Project("{FAE04EC0-301F-11D3-BF4B-00C04F79EFBC}") = "Unity.2D.Tilemap.Editor", "Unity.2D.Tilemap.Editor.csproj", "{32D80406-6E7D-19E2-2845-79EA6E8F0CD5}"
EndProject
Project("{FAE04EC0-301F-11D3-BF4B-00C04F79EFBC}") = "Unity.2D.PixelPerfect.Editor", "Unity.2D.PixelPerfect.Editor.csproj", "{56C61BE8-B29B-990F-69DB-68F0196A9DD7}"
EndProject
Project("{FAE04EC0-301F-11D3-BF4B-00C04F79EFBC}") = "Unity.VSCode.Editor", "Unity.VSCode.Editor.csproj", "{A79BF00B-0CEA-2EB1-ED40-78DE67928ABE}"
EndProject
Project("{FAE04EC0-301F-11D3-BF4B-00C04F79EFBC}") = "Unity.2D.Common.Editor", "Unity.2D.Common.Editor.csproj", "{598F5D69-786A-0671-4722-F8D7E83A076E}"
EndProject
Project("{FAE04EC0-301F-11D3-BF4B-00C04F79EFBC}") = "Unity.Mathematics.Editor", "Unity.Mathematics.Editor.csproj", "{5BAB4E03-C804-BC47-C7CC-02E81D85F60F}"
EndProject
Project("{FAE04EC0-301F-11D3-BF4B-00C04F79EFBC}") = "Unity.InternalAPIEditorBridge.001", "Unity.InternalAPIEditorBridge.001.csproj", "{48BAABA6-4D22-DE91-5F1F-50972FE1CA28}"
EndProject
Global
	GlobalSection(SolutionConfigurationPlatforms) = preSolution
		Debug|Any CPU = Debug|Any CPU
		Release|Any CPU = Release|Any CPU
	EndGlobalSection
	GlobalSection(ProjectConfigurationPlatforms) = postSolution
		{69AD504D-B1DC-5038-CA5D-AB0BD6A36A8C}.Debug|Any CPU.ActiveCfg = Debug|Any CPU
		{69AD504D-B1DC-5038-CA5D-AB0BD6A36A8C}.Debug|Any CPU.Build.0 = Debug|Any CPU
		{69AD504D-B1DC-5038-CA5D-AB0BD6A36A8C}.Release|Any CPU.ActiveCfg = Release|Any CPU
		{69AD504D-B1DC-5038-CA5D-AB0BD6A36A8C}.Release|Any CPU.Build.0 = Release|Any CPU
		{F0160B79-D8A1-AD3A-4822-609D64313AF8}.Debug|Any CPU.ActiveCfg = Debug|Any CPU
		{F0160B79-D8A1-AD3A-4822-609D64313AF8}.Debug|Any CPU.Build.0 = Debug|Any CPU
		{F0160B79-D8A1-AD3A-4822-609D64313AF8}.Release|Any CPU.ActiveCfg = Release|Any CPU
		{F0160B79-D8A1-AD3A-4822-609D64313AF8}.Release|Any CPU.Build.0 = Release|Any CPU
		{E4ECE91F-12C1-6757-CF6C-D98FAE22C962}.Debug|Any CPU.ActiveCfg = Debug|Any CPU
		{E4ECE91F-12C1-6757-CF6C-D98FAE22C962}.Debug|Any CPU.Build.0 = Debug|Any CPU
		{E4ECE91F-12C1-6757-CF6C-D98FAE22C962}.Release|Any CPU.ActiveCfg = Release|Any CPU
		{E4ECE91F-12C1-6757-CF6C-D98FAE22C962}.Release|Any CPU.Build.0 = Release|Any CPU
		{B64E076A-C7D4-0E85-95FD-D650049BCD44}.Debug|Any CPU.ActiveCfg = Debug|Any CPU
		{B64E076A-C7D4-0E85-95FD-D650049BCD44}.Debug|Any CPU.Build.0 = Debug|Any CPU
		{B64E076A-C7D4-0E85-95FD-D650049BCD44}.Release|Any CPU.ActiveCfg = Release|Any CPU
		{B64E076A-C7D4-0E85-95FD-D650049BCD44}.Release|Any CPU.Build.0 = Release|Any CPU
		{58576566-E42B-D172-D645-840E5205C66A}.Debug|Any CPU.ActiveCfg = Debug|Any CPU
		{58576566-E42B-D172-D645-840E5205C66A}.Debug|Any CPU.Build.0 = Debug|Any CPU
		{58576566-E42B-D172-D645-840E5205C66A}.Release|Any CPU.ActiveCfg = Release|Any CPU
		{58576566-E42B-D172-D645-840E5205C66A}.Release|Any CPU.Build.0 = Release|Any CPU
		{DC95193D-51C8-5888-2855-88C329DC4D17}.Debug|Any CPU.ActiveCfg = Debug|Any CPU
		{DC95193D-51C8-5888-2855-88C329DC4D17}.Debug|Any CPU.Build.0 = Debug|Any CPU
		{DC95193D-51C8-5888-2855-88C329DC4D17}.Release|Any CPU.ActiveCfg = Release|Any CPU
		{DC95193D-51C8-5888-2855-88C329DC4D17}.Release|Any CPU.Build.0 = Release|Any CPU
		{BEF1514F-B417-0950-F721-06E02EC29C5E}.Debug|Any CPU.ActiveCfg = Debug|Any CPU
		{BEF1514F-B417-0950-F721-06E02EC29C5E}.Debug|Any CPU.Build.0 = Debug|Any CPU
		{BEF1514F-B417-0950-F721-06E02EC29C5E}.Release|Any CPU.ActiveCfg = Release|Any CPU
		{BEF1514F-B417-0950-F721-06E02EC29C5E}.Release|Any CPU.Build.0 = Release|Any CPU
		{F1A61257-4036-900B-2E61-747B25D33691}.Debug|Any CPU.ActiveCfg = Debug|Any CPU
		{F1A61257-4036-900B-2E61-747B25D33691}.Debug|Any CPU.Build.0 = Debug|Any CPU
		{F1A61257-4036-900B-2E61-747B25D33691}.Release|Any CPU.ActiveCfg = Release|Any CPU
		{F1A61257-4036-900B-2E61-747B25D33691}.Release|Any CPU.Build.0 = Release|Any CPU
		{BA5D2E3A-57ED-756C-6359-46211064285E}.Debug|Any CPU.ActiveCfg = Debug|Any CPU
		{BA5D2E3A-57ED-756C-6359-46211064285E}.Debug|Any CPU.Build.0 = Debug|Any CPU
		{BA5D2E3A-57ED-756C-6359-46211064285E}.Release|Any CPU.ActiveCfg = Release|Any CPU
		{BA5D2E3A-57ED-756C-6359-46211064285E}.Release|Any CPU.Build.0 = Release|Any CPU
		{797C237A-158D-F747-0DD1-FC05F37D9615}.Debug|Any CPU.ActiveCfg = Debug|Any CPU
		{797C237A-158D-F747-0DD1-FC05F37D9615}.Debug|Any CPU.Build.0 = Debug|Any CPU
		{797C237A-158D-F747-0DD1-FC05F37D9615}.Release|Any CPU.ActiveCfg = Release|Any CPU
		{797C237A-158D-F747-0DD1-FC05F37D9615}.Release|Any CPU.Build.0 = Release|Any CPU
		{E744C1E9-A618-B8AF-2C4A-55191E3AB561}.Debug|Any CPU.ActiveCfg = Debug|Any CPU
		{E744C1E9-A618-B8AF-2C4A-55191E3AB561}.Debug|Any CPU.Build.0 = Debug|Any CPU
		{E744C1E9-A618-B8AF-2C4A-55191E3AB561}.Release|Any CPU.ActiveCfg = Release|Any CPU
		{E744C1E9-A618-B8AF-2C4A-55191E3AB561}.Release|Any CPU.Build.0 = Release|Any CPU
		{B361E18B-E1FA-25D1-9BD9-440FB4D3CF1B}.Debug|Any CPU.ActiveCfg = Debug|Any CPU
		{B361E18B-E1FA-25D1-9BD9-440FB4D3CF1B}.Debug|Any CPU.Build.0 = Debug|Any CPU
		{B361E18B-E1FA-25D1-9BD9-440FB4D3CF1B}.Release|Any CPU.ActiveCfg = Release|Any CPU
		{B361E18B-E1FA-25D1-9BD9-440FB4D3CF1B}.Release|Any CPU.Build.0 = Release|Any CPU
		{A0DD71C0-CFDA-DB55-1995-4BAD6FD2F86E}.Debug|Any CPU.ActiveCfg = Debug|Any CPU
		{A0DD71C0-CFDA-DB55-1995-4BAD6FD2F86E}.Debug|Any CPU.Build.0 = Debug|Any CPU
		{A0DD71C0-CFDA-DB55-1995-4BAD6FD2F86E}.Release|Any CPU.ActiveCfg = Release|Any CPU
		{A0DD71C0-CFDA-DB55-1995-4BAD6FD2F86E}.Release|Any CPU.Build.0 = Release|Any CPU
		{5BD3B712-D113-2E99-9BC0-176EE5D7A49B}.Debug|Any CPU.ActiveCfg = Debug|Any CPU
		{5BD3B712-D113-2E99-9BC0-176EE5D7A49B}.Debug|Any CPU.Build.0 = Debug|Any CPU
		{5BD3B712-D113-2E99-9BC0-176EE5D7A49B}.Release|Any CPU.ActiveCfg = Release|Any CPU
		{5BD3B712-D113-2E99-9BC0-176EE5D7A49B}.Release|Any CPU.Build.0 = Release|Any CPU
		{58F86595-A688-7A8E-3F39-82F3065443AF}.Debug|Any CPU.ActiveCfg = Debug|Any CPU
		{58F86595-A688-7A8E-3F39-82F3065443AF}.Debug|Any CPU.Build.0 = Debug|Any CPU
		{58F86595-A688-7A8E-3F39-82F3065443AF}.Release|Any CPU.ActiveCfg = Release|Any CPU
		{58F86595-A688-7A8E-3F39-82F3065443AF}.Release|Any CPU.Build.0 = Release|Any CPU
		{127A67FC-CF6A-54C0-763E-B76DF218B02E}.Debug|Any CPU.ActiveCfg = Debug|Any CPU
		{127A67FC-CF6A-54C0-763E-B76DF218B02E}.Debug|Any CPU.Build.0 = Debug|Any CPU
		{127A67FC-CF6A-54C0-763E-B76DF218B02E}.Release|Any CPU.ActiveCfg = Release|Any CPU
		{127A67FC-CF6A-54C0-763E-B76DF218B02E}.Release|Any CPU.Build.0 = Release|Any CPU
		{B3503D6B-9756-0543-2800-E87F4778D65A}.Debug|Any CPU.ActiveCfg = Debug|Any CPU
		{B3503D6B-9756-0543-2800-E87F4778D65A}.Debug|Any CPU.Build.0 = Debug|Any CPU
		{B3503D6B-9756-0543-2800-E87F4778D65A}.Release|Any CPU.ActiveCfg = Release|Any CPU
		{B3503D6B-9756-0543-2800-E87F4778D65A}.Release|Any CPU.Build.0 = Release|Any CPU
		{E0D6A774-ECA3-892B-526A-018556035C0A}.Debug|Any CPU.ActiveCfg = Debug|Any CPU
		{E0D6A774-ECA3-892B-526A-018556035C0A}.Debug|Any CPU.Build.0 = Debug|Any CPU
		{E0D6A774-ECA3-892B-526A-018556035C0A}.Release|Any CPU.ActiveCfg = Release|Any CPU
		{E0D6A774-ECA3-892B-526A-018556035C0A}.Release|Any CPU.Build.0 = Release|Any CPU
		{5F671D25-2653-9E23-52BB-115671309C7B}.Debug|Any CPU.ActiveCfg = Debug|Any CPU
		{5F671D25-2653-9E23-52BB-115671309C7B}.Debug|Any CPU.Build.0 = Debug|Any CPU
		{5F671D25-2653-9E23-52BB-115671309C7B}.Release|Any CPU.ActiveCfg = Release|Any CPU
		{5F671D25-2653-9E23-52BB-115671309C7B}.Release|Any CPU.Build.0 = Release|Any CPU
		{85A9C46E-3851-5927-ED6C-E3CE36CFB288}.Debug|Any CPU.ActiveCfg = Debug|Any CPU
		{85A9C46E-3851-5927-ED6C-E3CE36CFB288}.Debug|Any CPU.Build.0 = Debug|Any CPU
		{85A9C46E-3851-5927-ED6C-E3CE36CFB288}.Release|Any CPU.ActiveCfg = Release|Any CPU
		{85A9C46E-3851-5927-ED6C-E3CE36CFB288}.Release|Any CPU.Build.0 = Release|Any CPU
		{62052685-C9B6-9275-3246-F582F0A7698A}.Debug|Any CPU.ActiveCfg = Debug|Any CPU
		{62052685-C9B6-9275-3246-F582F0A7698A}.Debug|Any CPU.Build.0 = Debug|Any CPU
		{62052685-C9B6-9275-3246-F582F0A7698A}.Release|Any CPU.ActiveCfg = Release|Any CPU
		{62052685-C9B6-9275-3246-F582F0A7698A}.Release|Any CPU.Build.0 = Release|Any CPU
		{3A9F6F94-499F-2A6F-03B2-1ED20EDD0C56}.Debug|Any CPU.ActiveCfg = Debug|Any CPU
		{3A9F6F94-499F-2A6F-03B2-1ED20EDD0C56}.Debug|Any CPU.Build.0 = Debug|Any CPU
		{3A9F6F94-499F-2A6F-03B2-1ED20EDD0C56}.Release|Any CPU.ActiveCfg = Release|Any CPU
		{3A9F6F94-499F-2A6F-03B2-1ED20EDD0C56}.Release|Any CPU.Build.0 = Release|Any CPU
		{2C2D3735-7786-5C8F-4644-AE08BDA69D81}.Debug|Any CPU.ActiveCfg = Debug|Any CPU
		{2C2D3735-7786-5C8F-4644-AE08BDA69D81}.Debug|Any CPU.Build.0 = Debug|Any CPU
		{2C2D3735-7786-5C8F-4644-AE08BDA69D81}.Release|Any CPU.ActiveCfg = Release|Any CPU
		{2C2D3735-7786-5C8F-4644-AE08BDA69D81}.Release|Any CPU.Build.0 = Release|Any CPU
		{9E9AF7C3-527B-5136-3189-4BDB787741D7}.Debug|Any CPU.ActiveCfg = Debug|Any CPU
		{9E9AF7C3-527B-5136-3189-4BDB787741D7}.Debug|Any CPU.Build.0 = Debug|Any CPU
		{9E9AF7C3-527B-5136-3189-4BDB787741D7}.Release|Any CPU.ActiveCfg = Release|Any CPU
		{9E9AF7C3-527B-5136-3189-4BDB787741D7}.Release|Any CPU.Build.0 = Release|Any CPU
		{F6D6B656-2A4A-C401-7A2B-A2AB6036C0BE}.Debug|Any CPU.ActiveCfg = Debug|Any CPU
		{F6D6B656-2A4A-C401-7A2B-A2AB6036C0BE}.Debug|Any CPU.Build.0 = Debug|Any CPU
		{F6D6B656-2A4A-C401-7A2B-A2AB6036C0BE}.Release|Any CPU.ActiveCfg = Release|Any CPU
		{F6D6B656-2A4A-C401-7A2B-A2AB6036C0BE}.Release|Any CPU.Build.0 = Release|Any CPU
		{CB6F2280-A425-4FE7-8FD9-D7ECA87940EA}.Debug|Any CPU.ActiveCfg = Debug|Any CPU
		{CB6F2280-A425-4FE7-8FD9-D7ECA87940EA}.Debug|Any CPU.Build.0 = Debug|Any CPU
		{CB6F2280-A425-4FE7-8FD9-D7ECA87940EA}.Release|Any CPU.ActiveCfg = Release|Any CPU
		{CB6F2280-A425-4FE7-8FD9-D7ECA87940EA}.Release|Any CPU.Build.0 = Release|Any CPU
		{680427AC-7796-73CE-E7B3-93C8FED2863A}.Debug|Any CPU.ActiveCfg = Debug|Any CPU
		{680427AC-7796-73CE-E7B3-93C8FED2863A}.Debug|Any CPU.Build.0 = Debug|Any CPU
		{680427AC-7796-73CE-E7B3-93C8FED2863A}.Release|Any CPU.ActiveCfg = Release|Any CPU
		{680427AC-7796-73CE-E7B3-93C8FED2863A}.Release|Any CPU.Build.0 = Release|Any CPU
		{A5DEE720-9297-168B-C1E1-C55A88A700FC}.Debug|Any CPU.ActiveCfg = Debug|Any CPU
		{A5DEE720-9297-168B-C1E1-C55A88A700FC}.Debug|Any CPU.Build.0 = Debug|Any CPU
		{A5DEE720-9297-168B-C1E1-C55A88A700FC}.Release|Any CPU.ActiveCfg = Release|Any CPU
		{A5DEE720-9297-168B-C1E1-C55A88A700FC}.Release|Any CPU.Build.0 = Release|Any CPU
		{4AD8BCFF-ADC7-05D3-5DAF-5AC97D111976}.Debug|Any CPU.ActiveCfg = Debug|Any CPU
		{4AD8BCFF-ADC7-05D3-5DAF-5AC97D111976}.Debug|Any CPU.Build.0 = Debug|Any CPU
		{4AD8BCFF-ADC7-05D3-5DAF-5AC97D111976}.Release|Any CPU.ActiveCfg = Release|Any CPU
		{4AD8BCFF-ADC7-05D3-5DAF-5AC97D111976}.Release|Any CPU.Build.0 = Release|Any CPU
		{32D80406-6E7D-19E2-2845-79EA6E8F0CD5}.Debug|Any CPU.ActiveCfg = Debug|Any CPU
		{32D80406-6E7D-19E2-2845-79EA6E8F0CD5}.Debug|Any CPU.Build.0 = Debug|Any CPU
		{32D80406-6E7D-19E2-2845-79EA6E8F0CD5}.Release|Any CPU.ActiveCfg = Release|Any CPU
		{32D80406-6E7D-19E2-2845-79EA6E8F0CD5}.Release|Any CPU.Build.0 = Release|Any CPU
		{56C61BE8-B29B-990F-69DB-68F0196A9DD7}.Debug|Any CPU.ActiveCfg = Debug|Any CPU
		{56C61BE8-B29B-990F-69DB-68F0196A9DD7}.Debug|Any CPU.Build.0 = Debug|Any CPU
		{56C61BE8-B29B-990F-69DB-68F0196A9DD7}.Release|Any CPU.ActiveCfg = Release|Any CPU
		{56C61BE8-B29B-990F-69DB-68F0196A9DD7}.Release|Any CPU.Build.0 = Release|Any CPU
		{A79BF00B-0CEA-2EB1-ED40-78DE67928ABE}.Debug|Any CPU.ActiveCfg = Debug|Any CPU
		{A79BF00B-0CEA-2EB1-ED40-78DE67928ABE}.Debug|Any CPU.Build.0 = Debug|Any CPU
		{A79BF00B-0CEA-2EB1-ED40-78DE67928ABE}.Release|Any CPU.ActiveCfg = Release|Any CPU
		{A79BF00B-0CEA-2EB1-ED40-78DE67928ABE}.Release|Any CPU.Build.0 = Release|Any CPU
		{598F5D69-786A-0671-4722-F8D7E83A076E}.Debug|Any CPU.ActiveCfg = Debug|Any CPU
		{598F5D69-786A-0671-4722-F8D7E83A076E}.Debug|Any CPU.Build.0 = Debug|Any CPU
		{598F5D69-786A-0671-4722-F8D7E83A076E}.Release|Any CPU.ActiveCfg = Release|Any CPU
		{598F5D69-786A-0671-4722-F8D7E83A076E}.Release|Any CPU.Build.0 = Release|Any CPU
		{5BAB4E03-C804-BC47-C7CC-02E81D85F60F}.Debug|Any CPU.ActiveCfg = Debug|Any CPU
		{5BAB4E03-C804-BC47-C7CC-02E81D85F60F}.Debug|Any CPU.Build.0 = Debug|Any CPU
		{5BAB4E03-C804-BC47-C7CC-02E81D85F60F}.Release|Any CPU.ActiveCfg = Release|Any CPU
		{5BAB4E03-C804-BC47-C7CC-02E81D85F60F}.Release|Any CPU.Build.0 = Release|Any CPU
		{48BAABA6-4D22-DE91-5F1F-50972FE1CA28}.Debug|Any CPU.ActiveCfg = Debug|Any CPU
		{48BAABA6-4D22-DE91-5F1F-50972FE1CA28}.Debug|Any CPU.Build.0 = Debug|Any CPU
		{48BAABA6-4D22-DE91-5F1F-50972FE1CA28}.Release|Any CPU.ActiveCfg = Release|Any CPU
		{48BAABA6-4D22-DE91-5F1F-50972FE1CA28}.Release|Any CPU.Build.0 = Release|Any CPU
	EndGlobalSection
	GlobalSection(SolutionProperties) = preSolution
		HideSolutionNode = FALSE
	EndGlobalSection
EndGlobal
